
Microsoft Visual Studio Solution File, Format Version 12.00
# Visual Studio 15
VisualStudioVersion = 15.0.26430.15
MinimumVisualStudioVersion = 10.0.40219.1
Project("{9A19103F-16F7-4668-BE54-9A1E7A4F7556}") = "MagicMirror.DataAccess", "Magic-Mirror.DataAccess\MagicMirror.DataAccess.csproj", "{61B61B9C-649D-4C21-8D9B-F60905372A2D}"
EndProject
Project("{9A19103F-16F7-4668-BE54-9A1E7A4F7556}") = "MagicMirror.DataAccess.Entities", "Magic-Mirror.DataAccess.Entities\MagicMirror.DataAccess.Entities.csproj", "{06257571-7A42-4A83-9230-B7A954F92439}"
EndProject
Project("{9A19103F-16F7-4668-BE54-9A1E7A4F7556}") = "MagicMirror.Tests", "Magic-Mirror.Tests\MagicMirror.Tests.csproj", "{E03B3A91-150D-4CD2-885D-0EEB0627D9ED}"
EndProject
Project("{9A19103F-16F7-4668-BE54-9A1E7A4F7556}") = "MagicMirror.Business", "MagicMirror.Business\MagicMirror.Business.csproj", "{9C98AD46-C186-4B98-ABA2-C8E8462C21A3}"
EndProject
Project("{9A19103F-16F7-4668-BE54-9A1E7A4F7556}") = "MagicMirror.Business.Models", "MagicMirror.Business.Models\MagicMirror.Business.Models.csproj", "{6C1D40E7-E7DB-4C2A-ADC9-E6FDD4028C0B}"
EndProject
Project("{2150E333-8FDC-42A3-9474-1A3956D46DE8}") = "FrontEnd", "FrontEnd", "{6914469F-1502-4552-BBA2-A06B184B22FE}"
EndProject
Project("{2150E333-8FDC-42A3-9474-1A3956D46DE8}") = "BusinessLayer", "BusinessLayer", "{219B8BBE-B96E-4560-94FE-120C9C2ED1A8}"
EndProject
Project("{2150E333-8FDC-42A3-9474-1A3956D46DE8}") = "DataAccessLayer", "DataAccessLayer", "{BD006C32-74D7-4073-A751-0BD607652B06}"
EndProject
Project("{FAE04EC0-301F-11D3-BF4B-00C04F79EFBC}") = "MagicMirror", "MagicMirror\MagicMirror.csproj", "{16096BA5-F627-4F02-AABC-517B71034D43}"
EndProject
Global
	GlobalSection(SolutionConfigurationPlatforms) = preSolution
		Debug|Any CPU = Debug|Any CPU
		Debug|ARM = Debug|ARM
		Debug|x64 = Debug|x64
		Debug|x86 = Debug|x86
		Release|Any CPU = Release|Any CPU
		Release|ARM = Release|ARM
		Release|x64 = Release|x64
		Release|x86 = Release|x86
	EndGlobalSection
	GlobalSection(ProjectConfigurationPlatforms) = postSolution
		{61B61B9C-649D-4C21-8D9B-F60905372A2D}.Debug|Any CPU.ActiveCfg = Debug|Any CPU
		{61B61B9C-649D-4C21-8D9B-F60905372A2D}.Debug|Any CPU.Build.0 = Debug|Any CPU
		{61B61B9C-649D-4C21-8D9B-F60905372A2D}.Debug|ARM.ActiveCfg = Debug|Any CPU
		{61B61B9C-649D-4C21-8D9B-F60905372A2D}.Debug|ARM.Build.0 = Debug|Any CPU
		{61B61B9C-649D-4C21-8D9B-F60905372A2D}.Debug|x64.ActiveCfg = Debug|Any CPU
		{61B61B9C-649D-4C21-8D9B-F60905372A2D}.Debug|x64.Build.0 = Debug|Any CPU
		{61B61B9C-649D-4C21-8D9B-F60905372A2D}.Debug|x86.ActiveCfg = Debug|Any CPU
		{61B61B9C-649D-4C21-8D9B-F60905372A2D}.Debug|x86.Build.0 = Debug|Any CPU
		{61B61B9C-649D-4C21-8D9B-F60905372A2D}.Release|Any CPU.ActiveCfg = Release|Any CPU
		{61B61B9C-649D-4C21-8D9B-F60905372A2D}.Release|Any CPU.Build.0 = Release|Any CPU
		{61B61B9C-649D-4C21-8D9B-F60905372A2D}.Release|ARM.ActiveCfg = Release|Any CPU
		{61B61B9C-649D-4C21-8D9B-F60905372A2D}.Release|ARM.Build.0 = Release|Any CPU
		{61B61B9C-649D-4C21-8D9B-F60905372A2D}.Release|x64.ActiveCfg = Release|Any CPU
		{61B61B9C-649D-4C21-8D9B-F60905372A2D}.Release|x64.Build.0 = Release|Any CPU
		{61B61B9C-649D-4C21-8D9B-F60905372A2D}.Release|x86.ActiveCfg = Release|Any CPU
		{61B61B9C-649D-4C21-8D9B-F60905372A2D}.Release|x86.Build.0 = Release|Any CPU
		{06257571-7A42-4A83-9230-B7A954F92439}.Debug|Any CPU.ActiveCfg = Debug|Any CPU
		{06257571-7A42-4A83-9230-B7A954F92439}.Debug|Any CPU.Build.0 = Debug|Any CPU
		{06257571-7A42-4A83-9230-B7A954F92439}.Debug|ARM.ActiveCfg = Debug|Any CPU
		{06257571-7A42-4A83-9230-B7A954F92439}.Debug|ARM.Build.0 = Debug|Any CPU
		{06257571-7A42-4A83-9230-B7A954F92439}.Debug|x64.ActiveCfg = Debug|Any CPU
		{06257571-7A42-4A83-9230-B7A954F92439}.Debug|x64.Build.0 = Debug|Any CPU
		{06257571-7A42-4A83-9230-B7A954F92439}.Debug|x86.ActiveCfg = Debug|Any CPU
		{06257571-7A42-4A83-9230-B7A954F92439}.Debug|x86.Build.0 = Debug|Any CPU
		{06257571-7A42-4A83-9230-B7A954F92439}.Release|Any CPU.ActiveCfg = Release|Any CPU
		{06257571-7A42-4A83-9230-B7A954F92439}.Release|Any CPU.Build.0 = Release|Any CPU
		{06257571-7A42-4A83-9230-B7A954F92439}.Release|ARM.ActiveCfg = Release|Any CPU
		{06257571-7A42-4A83-9230-B7A954F92439}.Release|ARM.Build.0 = Release|Any CPU
		{06257571-7A42-4A83-9230-B7A954F92439}.Release|x64.ActiveCfg = Release|Any CPU
		{06257571-7A42-4A83-9230-B7A954F92439}.Release|x64.Build.0 = Release|Any CPU
		{06257571-7A42-4A83-9230-B7A954F92439}.Release|x86.ActiveCfg = Release|Any CPU
		{06257571-7A42-4A83-9230-B7A954F92439}.Release|x86.Build.0 = Release|Any CPU
		{E03B3A91-150D-4CD2-885D-0EEB0627D9ED}.Debug|Any CPU.ActiveCfg = Debug|Any CPU
		{E03B3A91-150D-4CD2-885D-0EEB0627D9ED}.Debug|Any CPU.Build.0 = Debug|Any CPU
		{E03B3A91-150D-4CD2-885D-0EEB0627D9ED}.Debug|ARM.ActiveCfg = Debug|Any CPU
		{E03B3A91-150D-4CD2-885D-0EEB0627D9ED}.Debug|ARM.Build.0 = Debug|Any CPU
		{E03B3A91-150D-4CD2-885D-0EEB0627D9ED}.Debug|x64.ActiveCfg = Debug|Any CPU
		{E03B3A91-150D-4CD2-885D-0EEB0627D9ED}.Debug|x64.Build.0 = Debug|Any CPU
		{E03B3A91-150D-4CD2-885D-0EEB0627D9ED}.Debug|x86.ActiveCfg = Debug|Any CPU
		{E03B3A91-150D-4CD2-885D-0EEB0627D9ED}.Debug|x86.Build.0 = Debug|Any CPU
		{E03B3A91-150D-4CD2-885D-0EEB0627D9ED}.Release|Any CPU.ActiveCfg = Release|Any CPU
		{E03B3A91-150D-4CD2-885D-0EEB0627D9ED}.Release|Any CPU.Build.0 = Release|Any CPU
		{E03B3A91-150D-4CD2-885D-0EEB0627D9ED}.Release|ARM.ActiveCfg = Release|Any CPU
		{E03B3A91-150D-4CD2-885D-0EEB0627D9ED}.Release|ARM.Build.0 = Release|Any CPU
		{E03B3A91-150D-4CD2-885D-0EEB0627D9ED}.Release|x64.ActiveCfg = Release|Any CPU
		{E03B3A91-150D-4CD2-885D-0EEB0627D9ED}.Release|x64.Build.0 = Release|Any CPU
		{E03B3A91-150D-4CD2-885D-0EEB0627D9ED}.Release|x86.ActiveCfg = Release|Any CPU
		{E03B3A91-150D-4CD2-885D-0EEB0627D9ED}.Release|x86.Build.0 = Release|Any CPU
		{9C98AD46-C186-4B98-ABA2-C8E8462C21A3}.Debug|Any CPU.ActiveCfg = Debug|Any CPU
		{9C98AD46-C186-4B98-ABA2-C8E8462C21A3}.Debug|Any CPU.Build.0 = Debug|Any CPU
		{9C98AD46-C186-4B98-ABA2-C8E8462C21A3}.Debug|ARM.ActiveCfg = Debug|Any CPU
		{9C98AD46-C186-4B98-ABA2-C8E8462C21A3}.Debug|ARM.Build.0 = Debug|Any CPU
		{9C98AD46-C186-4B98-ABA2-C8E8462C21A3}.Debug|x64.ActiveCfg = Debug|Any CPU
		{9C98AD46-C186-4B98-ABA2-C8E8462C21A3}.Debug|x64.Build.0 = Debug|Any CPU
		{9C98AD46-C186-4B98-ABA2-C8E8462C21A3}.Debug|x86.ActiveCfg = Debug|Any CPU
		{9C98AD46-C186-4B98-ABA2-C8E8462C21A3}.Debug|x86.Build.0 = Debug|Any CPU
		{9C98AD46-C186-4B98-ABA2-C8E8462C21A3}.Release|Any CPU.ActiveCfg = Release|Any CPU
		{9C98AD46-C186-4B98-ABA2-C8E8462C21A3}.Release|Any CPU.Build.0 = Release|Any CPU
		{9C98AD46-C186-4B98-ABA2-C8E8462C21A3}.Release|ARM.ActiveCfg = Release|Any CPU
		{9C98AD46-C186-4B98-ABA2-C8E8462C21A3}.Release|ARM.Build.0 = Release|Any CPU
		{9C98AD46-C186-4B98-ABA2-C8E8462C21A3}.Release|x64.ActiveCfg = Release|Any CPU
		{9C98AD46-C186-4B98-ABA2-C8E8462C21A3}.Release|x64.Build.0 = Release|Any CPU
		{9C98AD46-C186-4B98-ABA2-C8E8462C21A3}.Release|x86.ActiveCfg = Release|Any CPU
		{9C98AD46-C186-4B98-ABA2-C8E8462C21A3}.Release|x86.Build.0 = Release|Any CPU
		{6C1D40E7-E7DB-4C2A-ADC9-E6FDD4028C0B}.Debug|Any CPU.ActiveCfg = Debug|Any CPU
		{6C1D40E7-E7DB-4C2A-ADC9-E6FDD4028C0B}.Debug|Any CPU.Build.0 = Debug|Any CPU
		{6C1D40E7-E7DB-4C2A-ADC9-E6FDD4028C0B}.Debug|ARM.ActiveCfg = Debug|Any CPU
		{6C1D40E7-E7DB-4C2A-ADC9-E6FDD4028C0B}.Debug|ARM.Build.0 = Debug|Any CPU
		{6C1D40E7-E7DB-4C2A-ADC9-E6FDD4028C0B}.Debug|x64.ActiveCfg = Debug|Any CPU
		{6C1D40E7-E7DB-4C2A-ADC9-E6FDD4028C0B}.Debug|x64.Build.0 = Debug|Any CPU
		{6C1D40E7-E7DB-4C2A-ADC9-E6FDD4028C0B}.Debug|x86.ActiveCfg = Debug|Any CPU
		{6C1D40E7-E7DB-4C2A-ADC9-E6FDD4028C0B}.Debug|x86.Build.0 = Debug|Any CPU
		{6C1D40E7-E7DB-4C2A-ADC9-E6FDD4028C0B}.Release|Any CPU.ActiveCfg = Release|Any CPU
		{6C1D40E7-E7DB-4C2A-ADC9-E6FDD4028C0B}.Release|Any CPU.Build.0 = Release|Any CPU
		{6C1D40E7-E7DB-4C2A-ADC9-E6FDD4028C0B}.Release|ARM.ActiveCfg = Release|Any CPU
		{6C1D40E7-E7DB-4C2A-ADC9-E6FDD4028C0B}.Release|ARM.Build.0 = Release|Any CPU
		{6C1D40E7-E7DB-4C2A-ADC9-E6FDD4028C0B}.Release|x64.ActiveCfg = Release|Any CPU
		{6C1D40E7-E7DB-4C2A-ADC9-E6FDD4028C0B}.Release|x64.Build.0 = Release|Any CPU
		{6C1D40E7-E7DB-4C2A-ADC9-E6FDD4028C0B}.Release|x86.ActiveCfg = Release|Any CPU
		{6C1D40E7-E7DB-4C2A-ADC9-E6FDD4028C0B}.Release|x86.Build.0 = Release|Any CPU
		{16096BA5-F627-4F02-AABC-517B71034D43}.Debug|Any CPU.ActiveCfg = Debug|x86
		{16096BA5-F627-4F02-AABC-517B71034D43}.Debug|ARM.ActiveCfg = Debug|ARM
		{16096BA5-F627-4F02-AABC-517B71034D43}.Debug|ARM.Build.0 = Debug|ARM
		{16096BA5-F627-4F02-AABC-517B71034D43}.Debug|ARM.Deploy.0 = Debug|ARM
		{16096BA5-F627-4F02-AABC-517B71034D43}.Debug|x64.ActiveCfg = Debug|x64
		{16096BA5-F627-4F02-AABC-517B71034D43}.Debug|x64.Build.0 = Debug|x64
		{16096BA5-F627-4F02-AABC-517B71034D43}.Debug|x64.Deploy.0 = Debug|x64
		{16096BA5-F627-4F02-AABC-517B71034D43}.Debug|x86.ActiveCfg = Debug|x86
		{16096BA5-F627-4F02-AABC-517B71034D43}.Debug|x86.Build.0 = Debug|x86
		{16096BA5-F627-4F02-AABC-517B71034D43}.Debug|x86.Deploy.0 = Debug|x86
		{16096BA5-F627-4F02-AABC-517B71034D43}.Release|Any CPU.ActiveCfg = Release|x86
		{16096BA5-F627-4F02-AABC-517B71034D43}.Release|ARM.ActiveCfg = Release|ARM
		{16096BA5-F627-4F02-AABC-517B71034D43}.Release|ARM.Build.0 = Release|ARM
		{16096BA5-F627-4F02-AABC-517B71034D43}.Release|ARM.Deploy.0 = Release|ARM
		{16096BA5-F627-4F02-AABC-517B71034D43}.Release|x64.ActiveCfg = Release|x64
		{16096BA5-F627-4F02-AABC-517B71034D43}.Release|x64.Build.0 = Release|x64
		{16096BA5-F627-4F02-AABC-517B71034D43}.Release|x64.Deploy.0 = Release|x64
		{16096BA5-F627-4F02-AABC-517B71034D43}.Release|x86.ActiveCfg = Release|x86
		{16096BA5-F627-4F02-AABC-517B71034D43}.Release|x86.Build.0 = Release|x86
		{16096BA5-F627-4F02-AABC-517B71034D43}.Release|x86.Deploy.0 = Release|x86
	EndGlobalSection
	GlobalSection(SolutionProperties) = preSolution
		HideSolutionNode = FALSE
	EndGlobalSection
	GlobalSection(NestedProjects) = preSolution
		{61B61B9C-649D-4C21-8D9B-F60905372A2D} = {BD006C32-74D7-4073-A751-0BD607652B06}
		{06257571-7A42-4A83-9230-B7A954F92439} = {BD006C32-74D7-4073-A751-0BD607652B06}
		{9C98AD46-C186-4B98-ABA2-C8E8462C21A3} = {219B8BBE-B96E-4560-94FE-120C9C2ED1A8}
		{6C1D40E7-E7DB-4C2A-ADC9-E6FDD4028C0B} = {219B8BBE-B96E-4560-94FE-120C9C2ED1A8}
		{16096BA5-F627-4F02-AABC-517B71034D43} = {6914469F-1502-4552-BBA2-A06B184B22FE}
	EndGlobalSection
EndGlobal
